// !$*UTF8*$!
{
	archiveVersion = 1;
	classes = {
	};
	objectVersion = 46;
	objects = {

/* Begin PBXBuildFile section */
		E8A84B9418F468B60051A303 /* Foundation.framework in Frameworks */ = {isa = PBXBuildFile; fileRef = E8A84B9318F468B60051A303 /* Foundation.framework */; };
		E8A84B9618F468B60051A303 /* CoreGraphics.framework in Frameworks */ = {isa = PBXBuildFile; fileRef = E8A84B9518F468B60051A303 /* CoreGraphics.framework */; };
		E8A84B9818F468B60051A303 /* UIKit.framework in Frameworks */ = {isa = PBXBuildFile; fileRef = E8A84B9718F468B60051A303 /* UIKit.framework */; };
		E8A84B9E18F468B60051A303 /* InfoPlist.strings in Resources */ = {isa = PBXBuildFile; fileRef = E8A84B9C18F468B60051A303 /* InfoPlist.strings */; };
		E8A84BA018F468B60051A303 /* main.m in Sources */ = {isa = PBXBuildFile; fileRef = E8A84B9F18F468B60051A303 /* main.m */; };
		E8A84BA418F468B60051A303 /* RPIAppDelegate.m in Sources */ = {isa = PBXBuildFile; fileRef = E8A84BA318F468B60051A303 /* RPIAppDelegate.m */; };
		E8A84BAD18F468B60051A303 /* RPIFirstViewController.m in Sources */ = {isa = PBXBuildFile; fileRef = E8A84BAC18F468B60051A303 /* RPIFirstViewController.m */; };
		E8A84BB018F468B60051A303 /* RPISecondViewController.m in Sources */ = {isa = PBXBuildFile; fileRef = E8A84BAF18F468B60051A303 /* RPISecondViewController.m */; };
		E8A84BB218F468B60051A303 /* Images.xcassets in Resources */ = {isa = PBXBuildFile; fileRef = E8A84BB118F468B60051A303 /* Images.xcassets */; };
		E8A84BBA18F468B60051A303 /* Foundation.framework in Frameworks */ = {isa = PBXBuildFile; fileRef = E8A84B9318F468B60051A303 /* Foundation.framework */; };
		E8A84BBB18F468B60051A303 /* UIKit.framework in Frameworks */ = {isa = PBXBuildFile; fileRef = E8A84B9718F468B60051A303 /* UIKit.framework */; };
		E8A84BC318F468B60051A303 /* InfoPlist.strings in Resources */ = {isa = PBXBuildFile; fileRef = E8A84BC118F468B60051A303 /* InfoPlist.strings */; };
		E8A84BC518F468B60051A303 /* domotiqueRPITests.m in Sources */ = {isa = PBXBuildFile; fileRef = E8A84BC418F468B60051A303 /* domotiqueRPITests.m */; };
		E8A84C4418F46A7A0051A303 /* libz.dylib in Frameworks */ = {isa = PBXBuildFile; fileRef = E8A84C4318F46A7A0051A303 /* libz.dylib */; };
/* End PBXBuildFile section */

/* Begin PBXContainerItemProxy section */
		E8A84BBC18F468B60051A303 /* PBXContainerItemProxy */ = {
			isa = PBXContainerItemProxy;
			containerPortal = E8A84B8818F468B60051A303 /* Project object */;
			proxyType = 1;
			remoteGlobalIDString = E8A84B8F18F468B60051A303;
			remoteInfo = domotiqueRPI;
		};
/* End PBXContainerItemProxy section */

/* Begin PBXFileReference section */
		E8A84B9018F468B60051A303 /* domotiqueRPI.app */ = {isa = PBXFileReference; explicitFileType = wrapper.application; includeInIndex = 0; path = domotiqueRPI.app; sourceTree = BUILT_PRODUCTS_DIR; };
		E8A84B9318F468B60051A303 /* Foundation.framework */ = {isa = PBXFileReference; lastKnownFileType = wrapper.framework; name = Foundation.framework; path = System/Library/Frameworks/Foundation.framework; sourceTree = SDKROOT; };
		E8A84B9518F468B60051A303 /* CoreGraphics.framework */ = {isa = PBXFileReference; lastKnownFileType = wrapper.framework; name = CoreGraphics.framework; path = System/Library/Frameworks/CoreGraphics.framework; sourceTree = SDKROOT; };
		E8A84B9718F468B60051A303 /* UIKit.framework */ = {isa = PBXFileReference; lastKnownFileType = wrapper.framework; name = UIKit.framework; path = System/Library/Frameworks/UIKit.framework; sourceTree = SDKROOT; };
		E8A84B9B18F468B60051A303 /* domotiqueRPI-Info.plist */ = {isa = PBXFileReference; lastKnownFileType = text.plist.xml; path = "domotiqueRPI-Info.plist"; sourceTree = "<group>"; };
		E8A84B9D18F468B60051A303 /* en */ = {isa = PBXFileReference; lastKnownFileType = text.plist.strings; name = en; path = en.lproj/InfoPlist.strings; sourceTree = "<group>"; };
		E8A84B9F18F468B60051A303 /* main.m */ = {isa = PBXFileReference; lastKnownFileType = sourcecode.c.objc; path = main.m; sourceTree = "<group>"; };
		E8A84BA118F468B60051A303 /* domotiqueRPI-Prefix.pch */ = {isa = PBXFileReference; lastKnownFileType = sourcecode.c.h; path = "domotiqueRPI-Prefix.pch"; sourceTree = "<group>"; };
		E8A84BA218F468B60051A303 /* RPIAppDelegate.h */ = {isa = PBXFileReference; lastKnownFileType = sourcecode.c.h; path = RPIAppDelegate.h; sourceTree = "<group>"; };
		E8A84BA318F468B60051A303 /* RPIAppDelegate.m */ = {isa = PBXFileReference; lastKnownFileType = sourcecode.c.objc; path = RPIAppDelegate.m; sourceTree = "<group>"; };
		E8A84BA618F468B60051A303 /* Base */ = {isa = PBXFileReference; lastKnownFileType = file.storyboard; name = Base; path = Base.lproj/Main_iPhone.storyboard; sourceTree = "<group>"; };
		E8A84BA918F468B60051A303 /* Base */ = {isa = PBXFileReference; lastKnownFileType = file.storyboard; name = Base; path = Base.lproj/Main_iPad.storyboard; sourceTree = "<group>"; };
		E8A84BAB18F468B60051A303 /* RPIFirstViewController.h */ = {isa = PBXFileReference; lastKnownFileType = sourcecode.c.h; path = RPIFirstViewController.h; sourceTree = "<group>"; };
		E8A84BAC18F468B60051A303 /* RPIFirstViewController.m */ = {isa = PBXFileReference; lastKnownFileType = sourcecode.c.objc; path = RPIFirstViewController.m; sourceTree = "<group>"; };
		E8A84BAE18F468B60051A303 /* RPISecondViewController.h */ = {isa = PBXFileReference; lastKnownFileType = sourcecode.c.h; path = RPISecondViewController.h; sourceTree = "<group>"; };
		E8A84BAF18F468B60051A303 /* RPISecondViewController.m */ = {isa = PBXFileReference; lastKnownFileType = sourcecode.c.objc; path = RPISecondViewController.m; sourceTree = "<group>"; };
		E8A84BB118F468B60051A303 /* Images.xcassets */ = {isa = PBXFileReference; lastKnownFileType = folder.assetcatalog; path = Images.xcassets; sourceTree = "<group>"; };
		E8A84BB718F468B60051A303 /* domotiqueRPITests.xctest */ = {isa = PBXFileReference; explicitFileType = wrapper.cfbundle; includeInIndex = 0; path = domotiqueRPITests.xctest; sourceTree = BUILT_PRODUCTS_DIR; };
		E8A84BC018F468B60051A303 /* domotiqueRPITests-Info.plist */ = {isa = PBXFileReference; lastKnownFileType = text.plist.xml; path = "domotiqueRPITests-Info.plist"; sourceTree = "<group>"; };
		E8A84BC218F468B60051A303 /* en */ = {isa = PBXFileReference; lastKnownFileType = text.plist.strings; name = en; path = en.lproj/InfoPlist.strings; sourceTree = "<group>"; };
		E8A84BC418F468B60051A303 /* domotiqueRPITests.m */ = {isa = PBXFileReference; lastKnownFileType = sourcecode.c.objc; path = domotiqueRPITests.m; sourceTree = "<group>"; };
		E8A84C4318F46A7A0051A303 /* libz.dylib */ = {isa = PBXFileReference; lastKnownFileType = "compiled.mach-o.dylib"; name = libz.dylib; path = usr/lib/libz.dylib; sourceTree = SDKROOT; };
/* End PBXFileReference section */

/* Begin PBXFrameworksBuildPhase section */
		E8A84B8D18F468B60051A303 /* Frameworks */ = {
			isa = PBXFrameworksBuildPhase;
			buildActionMask = 2147483647;
			files = (
				E8A84C4418F46A7A0051A303 /* libz.dylib in Frameworks */,
				E8A84B9618F468B60051A303 /* CoreGraphics.framework in Frameworks */,
				E8A84B9818F468B60051A303 /* UIKit.framework in Frameworks */,
				E8A84B9418F468B60051A303 /* Foundation.framework in Frameworks */,
			);
			runOnlyForDeploymentPostprocessing = 0;
		};
		E8A84BB418F468B60051A303 /* Frameworks */ = {
			isa = PBXFrameworksBuildPhase;
			buildActionMask = 2147483647;
			files = (
				E8A84BBB18F468B60051A303 /* UIKit.framework in Frameworks */,
				E8A84BBA18F468B60051A303 /* Foundation.framework in Frameworks */,
			);
			runOnlyForDeploymentPostprocessing = 0;
		};
/* End PBXFrameworksBuildPhase section */

/* Begin PBXGroup section */
		E8A84B8718F468B60051A303 = {
			isa = PBXGroup;
			children = (
				E8A84B9918F468B60051A303 /* domotiqueRPI */,
				E8A84BBE18F468B60051A303 /* domotiqueRPITests */,
				E8A84B9218F468B60051A303 /* Frameworks */,
				E8A84B9118F468B60051A303 /* Products */,
			);
			sourceTree = "<group>";
		};
		E8A84B9118F468B60051A303 /* Products */ = {
			isa = PBXGroup;
			children = (
				E8A84B9018F468B60051A303 /* domotiqueRPI.app */,
				E8A84BB718F468B60051A303 /* domotiqueRPITests.xctest */,
			);
			name = Products;
			sourceTree = "<group>";
		};
		E8A84B9218F468B60051A303 /* Frameworks */ = {
			isa = PBXGroup;
			children = (
				E8A84C4318F46A7A0051A303 /* libz.dylib */,
				E8A84B9318F468B60051A303 /* Foundation.framework */,
				E8A84B9518F468B60051A303 /* CoreGraphics.framework */,
				E8A84B9718F468B60051A303 /* UIKit.framework */,
			);
			name = Frameworks;
			sourceTree = "<group>";
		};
		E8A84B9918F468B60051A303 /* domotiqueRPI */ = {
			isa = PBXGroup;
			children = (
				E8A84BA218F468B60051A303 /* RPIAppDelegate.h */,
				E8A84BA318F468B60051A303 /* RPIAppDelegate.m */,
				E8A84BA518F468B60051A303 /* Main_iPhone.storyboard */,
				E8A84BA818F468B60051A303 /* Main_iPad.storyboard */,
				E8A84BAB18F468B60051A303 /* RPIFirstViewController.h */,
				E8A84BAC18F468B60051A303 /* RPIFirstViewController.m */,
				E8A84BAE18F468B60051A303 /* RPISecondViewController.h */,
				E8A84BAF18F468B60051A303 /* RPISecondViewController.m */,
				E8A84BB118F468B60051A303 /* Images.xcassets */,
				E8A84B9A18F468B60051A303 /* Supporting Files */,
			);
			path = domotiqueRPI;
			sourceTree = "<group>";
		};
		E8A84B9A18F468B60051A303 /* Supporting Files */ = {
			isa = PBXGroup;
			children = (
				E8A84B9B18F468B60051A303 /* domotiqueRPI-Info.plist */,
				E8A84B9C18F468B60051A303 /* InfoPlist.strings */,
				E8A84B9F18F468B60051A303 /* main.m */,
				E8A84BA118F468B60051A303 /* domotiqueRPI-Prefix.pch */,
			);
			name = "Supporting Files";
			sourceTree = "<group>";
		};
		E8A84BBE18F468B60051A303 /* domotiqueRPITests */ = {
			isa = PBXGroup;
			children = (
				E8A84BC418F468B60051A303 /* domotiqueRPITests.m */,
				E8A84BBF18F468B60051A303 /* Supporting Files */,
			);
			path = domotiqueRPITests;
			sourceTree = "<group>";
		};
		E8A84BBF18F468B60051A303 /* Supporting Files */ = {
			isa = PBXGroup;
			children = (
				E8A84BC018F468B60051A303 /* domotiqueRPITests-Info.plist */,
				E8A84BC118F468B60051A303 /* InfoPlist.strings */,
			);
			name = "Supporting Files";
			sourceTree = "<group>";
		};
/* End PBXGroup section */

/* Begin PBXNativeTarget section */
		E8A84B8F18F468B60051A303 /* domotiqueRPI */ = {
			isa = PBXNativeTarget;
			buildConfigurationList = E8A84BC818F468B60051A303 /* Build configuration list for PBXNativeTarget "domotiqueRPI" */;
			buildPhases = (
				E8A84B8C18F468B60051A303 /* Sources */,
				E8A84B8D18F468B60051A303 /* Frameworks */,
				E8A84B8E18F468B60051A303 /* Resources */,
			);
			buildRules = (
			);
			dependencies = (
			);
			name = domotiqueRPI;
			productName = domotiqueRPI;
			productReference = E8A84B9018F468B60051A303 /* domotiqueRPI.app */;
			productType = "com.apple.product-type.application";
		};
		E8A84BB618F468B60051A303 /* domotiqueRPITests */ = {
			isa = PBXNativeTarget;
			buildConfigurationList = E8A84BCB18F468B60051A303 /* Build configuration list for PBXNativeTarget "domotiqueRPITests" */;
			buildPhases = (
				E8A84BB318F468B60051A303 /* Sources */,
				E8A84BB418F468B60051A303 /* Frameworks */,
				E8A84BB518F468B60051A303 /* Resources */,
			);
			buildRules = (
			);
			dependencies = (
				E8A84BBD18F468B60051A303 /* PBXTargetDependency */,
			);
			name = domotiqueRPITests;
			productName = domotiqueRPITests;
			productReference = E8A84BB718F468B60051A303 /* domotiqueRPITests.xctest */;
			productType = "com.apple.product-type.bundle.unit-test";
		};
/* End PBXNativeTarget section */

/* Begin PBXProject section */
		E8A84B8818F468B60051A303 /* Project object */ = {
			isa = PBXProject;
			attributes = {
				CLASSPREFIX = RPI;
				LastUpgradeCheck = 0510;
				ORGANIZATIONNAME = BancarelValentin;
				TargetAttributes = {
					E8A84B8F18F468B60051A303 = {
						DevelopmentTeam = H5W286G453;
					};
					E8A84BB618F468B60051A303 = {
						TestTargetID = E8A84B8F18F468B60051A303;
					};
				};
			};
			buildConfigurationList = E8A84B8B18F468B60051A303 /* Build configuration list for PBXProject "domotiqueRPI" */;
			compatibilityVersion = "Xcode 3.2";
			developmentRegion = English;
			hasScannedForEncodings = 0;
			knownRegions = (
				en,
				Base,
			);
			mainGroup = E8A84B8718F468B60051A303;
			productRefGroup = E8A84B9118F468B60051A303 /* Products */;
			projectDirPath = "";
			projectRoot = "";
			targets = (
				E8A84B8F18F468B60051A303 /* domotiqueRPI */,
				E8A84BB618F468B60051A303 /* domotiqueRPITests */,
			);
		};
/* End PBXProject section */

/* Begin PBXResourcesBuildPhase section */
		E8A84B8E18F468B60051A303 /* Resources */ = {
			isa = PBXResourcesBuildPhase;
			buildActionMask = 2147483647;
			files = (
				E8A84BB218F468B60051A303 /* Images.xcassets in Resources */,
				E8A84B9E18F468B60051A303 /* InfoPlist.strings in Resources */,
			);
			runOnlyForDeploymentPostprocessing = 0;
		};
		E8A84BB518F468B60051A303 /* Resources */ = {
			isa = PBXResourcesBuildPhase;
			buildActionMask = 2147483647;
			files = (
				E8A84BC318F468B60051A303 /* InfoPlist.strings in Resources */,
			);
			runOnlyForDeploymentPostprocessing = 0;
		};
/* End PBXResourcesBuildPhase section */

/* Begin PBXSourcesBuildPhase section */
		E8A84B8C18F468B60051A303 /* Sources */ = {
			isa = PBXSourcesBuildPhase;
			buildActionMask = 2147483647;
			files = (
				E8A84BAD18F468B60051A303 /* RPIFirstViewController.m in Sources */,
				E8A84BA418F468B60051A303 /* RPIAppDelegate.m in Sources */,
				E8A84BB018F468B60051A303 /* RPISecondViewController.m in Sources */,
				E8A84BA018F468B60051A303 /* main.m in Sources */,
			);
			runOnlyForDeploymentPostprocessing = 0;
		};
		E8A84BB318F468B60051A303 /* Sources */ = {
			isa = PBXSourcesBuildPhase;
			buildActionMask = 2147483647;
			files = (
				E8A84BC518F468B60051A303 /* domotiqueRPITests.m in Sources */,
			);
			runOnlyForDeploymentPostprocessing = 0;
		};
/* End PBXSourcesBuildPhase section */

/* Begin PBXTargetDependency section */
		E8A84BBD18F468B60051A303 /* PBXTargetDependency */ = {
			isa = PBXTargetDependency;
			target = E8A84B8F18F468B60051A303 /* domotiqueRPI */;
			targetProxy = E8A84BBC18F468B60051A303 /* PBXContainerItemProxy */;
		};
/* End PBXTargetDependency section */

/* Begin PBXVariantGroup section */
		E8A84B9C18F468B60051A303 /* InfoPlist.strings */ = {
			isa = PBXVariantGroup;
			children = (
				E8A84B9D18F468B60051A303 /* en */,
			);
			name = InfoPlist.strings;
			sourceTree = "<group>";
		};
		E8A84BA518F468B60051A303 /* Main_iPhone.storyboard */ = {
			isa = PBXVariantGroup;
			children = (
				E8A84BA618F468B60051A303 /* Base */,
			);
			name = Main_iPhone.storyboard;
			sourceTree = "<group>";
		};
		E8A84BA818F468B60051A303 /* Main_iPad.storyboard */ = {
			isa = PBXVariantGroup;
			children = (
				E8A84BA918F468B60051A303 /* Base */,
			);
			name = Main_iPad.storyboard;
			sourceTree = "<group>";
		};
		E8A84BC118F468B60051A303 /* InfoPlist.strings */ = {
			isa = PBXVariantGroup;
			children = (
				E8A84BC218F468B60051A303 /* en */,
			);
			name = InfoPlist.strings;
			sourceTree = "<group>";
		};
/* End PBXVariantGroup section */

/* Begin XCBuildConfiguration section */
		E8A84BC618F468B60051A303 /* Debug */ = {
			isa = XCBuildConfiguration;
			buildSettings = {
				ALWAYS_SEARCH_USER_PATHS = NO;
				CLANG_CXX_LANGUAGE_STANDARD = "gnu++0x";
				CLANG_CXX_LIBRARY = "libc++";
				CLANG_ENABLE_MODULES = YES;
				CLANG_ENABLE_OBJC_ARC = YES;
				CLANG_WARN_BOOL_CONVERSION = YES;
				CLANG_WARN_CONSTANT_CONVERSION = YES;
				CLANG_WARN_DIRECT_OBJC_ISA_USAGE = YES_ERROR;
				CLANG_WARN_EMPTY_BODY = YES;
				CLANG_WARN_ENUM_CONVERSION = YES;
				CLANG_WARN_INT_CONVERSION = YES;
				CLANG_WARN_OBJC_ROOT_CLASS = YES_ERROR;
				CLANG_WARN__DUPLICATE_METHOD_MATCH = YES;
				"CODE_SIGN_IDENTITY[sdk=iphoneos*]" = "iPhone Developer";
				COPY_PHASE_STRIP = NO;
				GCC_C_LANGUAGE_STANDARD = gnu99;
				GCC_DYNAMIC_NO_PIC = NO;
				GCC_OPTIMIZATION_LEVEL = 0;
				GCC_PREPROCESSOR_DEFINITIONS = (
					"DEBUG=1",
					"$(inherited)",
				);
				GCC_SYMBOLS_PRIVATE_EXTERN = NO;
				GCC_WARN_64_TO_32_BIT_CONVERSION = YES;
				GCC_WARN_ABOUT_RETURN_TYPE = YES_ERROR;
				GCC_WARN_UNDECLARED_SELECTOR = YES;
				GCC_WARN_UNINITIALIZED_AUTOS = YES_AGGRESSIVE;
				GCC_WARN_UNUSED_FUNCTION = YES;
				GCC_WARN_UNUSED_VARIABLE = YES;
				IPHONEOS_DEPLOYMENT_TARGET = 7.1;
				ONLY_ACTIVE_ARCH = YES;
				SDKROOT = iphoneos;
				TARGETED_DEVICE_FAMILY = "1,2";
			};
			name = Debug;
		};
		E8A84BC718F468B60051A303 /* Release */ = {
			isa = XCBuildConfiguration;
			buildSettings = {
				ALWAYS_SEARCH_USER_PATHS = NO;
				CLANG_CXX_LANGUAGE_STANDARD = "gnu++0x";
				CLANG_CXX_LIBRARY = "libc++";
				CLANG_ENABLE_MODULES = YES;
				CLANG_ENABLE_OBJC_ARC = YES;
				CLANG_WARN_BOOL_CONVERSION = YES;
				CLANG_WARN_CONSTANT_CONVERSION = YES;
				CLANG_WARN_DIRECT_OBJC_ISA_USAGE = YES_ERROR;
				CLANG_WARN_EMPTY_BODY = YES;
				CLANG_WARN_ENUM_CONVERSION = YES;
				CLANG_WARN_INT_CONVERSION = YES;
				CLANG_WARN_OBJC_ROOT_CLASS = YES_ERROR;
				CLANG_WARN__DUPLICATE_METHOD_MATCH = YES;
				"CODE_SIGN_IDENTITY[sdk=iphoneos*]" = "iPhone Developer";
				COPY_PHASE_STRIP = YES;
				ENABLE_NS_ASSERTIONS = NO;
				GCC_C_LANGUAGE_STANDARD = gnu99;
				GCC_WARN_64_TO_32_BIT_CONVERSION = YES;
				GCC_WARN_ABOUT_RETURN_TYPE = YES_ERROR;
				GCC_WARN_UNDECLARED_SELECTOR = YES;
				GCC_WARN_UNINITIALIZED_AUTOS = YES_AGGRESSIVE;
				GCC_WARN_UNUSED_FUNCTION = YES;
				GCC_WARN_UNUSED_VARIABLE = YES;
				IPHONEOS_DEPLOYMENT_TARGET = 7.1;
				SDKROOT = iphoneos;
				TARGETED_DEVICE_FAMILY = "1,2";
				VALIDATE_PRODUCT = YES;
			};
			name = Release;
		};
		E8A84BC918F468B60051A303 /* Debug */ = {
			isa = XCBuildConfiguration;
			buildSettings = {
				ASSETCATALOG_COMPILER_LAUNCHIMAGE_NAME = LaunchImage;
				CODE_SIGN_IDENTITY = "iPhone Developer";
				"CODE_SIGN_IDENTITY[sdk=iphoneos*]" = "iPhone Developer";
				GCC_PRECOMPILE_PREFIX_HEADER = YES;
				GCC_PREFIX_HEADER = "domotiqueRPI/domotiqueRPI-Prefix.pch";
				INFOPLIST_FILE = "domotiqueRPI/domotiqueRPI-Info.plist";
				IPHONEOS_DEPLOYMENT_TARGET = 8.0;
				LIBRARY_SEARCH_PATHS = (
					"$(inherited)",
					"$(PROJECT_DIR)/NMSSH-iOS/Libraries/lib",
				);
				PRODUCT_NAME = "$(TARGET_NAME)";
				PROVISIONING_PROFILE = "";
				WRAPPER_EXTENSION = app;
			};
			name = Debug;
		};
		E8A84BCA18F468B60051A303 /* Release */ = {
			isa = XCBuildConfiguration;
			buildSettings = {
				ASSETCATALOG_COMPILER_LAUNCHIMAGE_NAME = LaunchImage;
				CODE_SIGN_IDENTITY = "iPhone Developer";
				"CODE_SIGN_IDENTITY[sdk=iphoneos*]" = "iPhone Developer";
				GCC_PRECOMPILE_PREFIX_HEADER = YES;
				GCC_PREFIX_HEADER = "domotiqueRPI/domotiqueRPI-Prefix.pch";
				INFOPLIST_FILE = "domotiqueRPI/domotiqueRPI-Info.plist";
				IPHONEOS_DEPLOYMENT_TARGET = 8.0;
				LIBRARY_SEARCH_PATHS = (
					"$(inherited)",
					"$(PROJECT_DIR)/NMSSH-iOS/Libraries/lib",
				);
				PRODUCT_NAME = "$(TARGET_NAME)";
				PROVISIONING_PROFILE = "";
				WRAPPER_EXTENSION = app;
			};
			name = Release;
		};
		E8A84BCC18F468B60051A303 /* Debug */ = {
			isa = XCBuildConfiguration;
			buildSettings = {
				BUNDLE_LOADER = "$(BUILT_PRODUCTS_DIR)/domotiqueRPI.app/domotiqueRPI";
				FRAMEWORK_SEARCH_PATHS = (
					"$(SDKROOT)/Developer/Library/Frameworks",
					"$(inherited)",
					"$(DEVELOPER_FRAMEWORKS_DIR)",
				);
				GCC_PRECOMPILE_PREFIX_HEADER = YES;
				GCC_PREFIX_HEADER = "domotiqueRPI/domotiqueRPI-Prefix.pch";
				GCC_PREPROCESSOR_DEFINITIONS = (
					"DEBUG=1",
					"$(inherited)",
				);
				INFOPLIST_FILE = "domotiqueRPITests/domotiqueRPITests-Info.plist";
				PRODUCT_NAME = "$(TARGET_NAME)";
				TEST_HOST = "$(BUNDLE_LOADER)";
				WRAPPER_EXTENSION = xctest;
			};
			name = Debug;
		};
		E8A84BCD18F468B60051A303 /* Release */ = {
			isa = XCBuildConfiguration;
			buildSettings = {
				BUNDLE_LOADER = "$(BUILT_PRODUCTS_DIR)/domotiqueRPI.app/domotiqueRPI";
				FRAMEWORK_SEARCH_PATHS = (
					"$(SDKROOT)/Developer/Library/Frameworks",
					"$(inherited)",
					"$(DEVELOPER_FRAMEWORKS_DIR)",
				);
				GCC_PRECOMPILE_PREFIX_HEADER = YES;
				GCC_PREFIX_HEADER = "domotiqueRPI/domotiqueRPI-Prefix.pch";
				INFOPLIST_FILE = "domotiqueRPITests/domotiqueRPITests-Info.plist";
				PRODUCT_NAME = "$(TARGET_NAME)";
				TEST_HOST = "$(BUNDLE_LOADER)";
				WRAPPER_EXTENSION = xctest;
			};
			name = Release;
		};
/* End XCBuildConfiguration section */

/* Begin XCConfigurationList section */
		E8A84B8B18F468B60051A303 /* Build configuration list for PBXProject "domotiqueRPI" */ = {
			isa = XCConfigurationList;
			buildConfigurations = (
				E8A84BC618F468B60051A303 /* Debug */,
				E8A84BC718F468B60051A303 /* Release */,
			);
			defaultConfigurationIsVisible = 0;
			defaultConfigurationName = Release;
		};
		E8A84BC818F468B60051A303 /* Build configuration list for PBXNativeTarget "domotiqueRPI" */ = {
			isa = XCConfigurationList;
			buildConfigurations = (
				E8A84BC918F468B60051A303 /* Debug */,
				E8A84BCA18F468B60051A303 /* Release */,
			);
			defaultConfigurationIsVisible = 0;
			defaultConfigurationName = Release;
		};
		E8A84BCB18F468B60051A303 /* Build configuration list for PBXNativeTarget "domotiqueRPITests" */ = {
			isa = XCConfigurationList;
			buildConfigurations = (
				E8A84BCC18F468B60051A303 /* Debug */,
				E8A84BCD18F468B60051A303 /* Release */,
			);
			defaultConfigurationIsVisible = 0;
			defaultConfigurationName = Release;
		};
/* End XCConfigurationList section */
	};
	rootObject = E8A84B8818F468B60051A303 /* Project object */;
}
